{
  "nodes": {
    "gigabyte-control-center": {
      "inputs": {
        "nixpkgs": [
          "nixpkgs"
        ]
      },
      "locked": {
        "lastModified": 1791640129,
        "narHash": "sha256-SVPWH5e8aj6AJEIvM54yGaU3Fkr24lS/PcX5TuYjUzI=",
        "owner": "notflask",
        "repo": "gigabyte-control-center",
        "rev": "d0dc074726ba410bf70b06c77ec5acf16843c1ed",
        "type": "github"
      },
      "original": {
        "owner": "notflask",
        "repo": "gigabyte-control-center",
        "type": "github"
      }
    },
    "mizu": {
      "inputs": {
        "nixpkgs": [
          "nixpkgs"
        ]
      },
      "locked": {
        "lastModified": 1791571783,
        "narHash": "sha256-VtKxgR9xNI+oA6CpON+PPUmes/LFHHoZ2CynOFMQWcs=",
        "owner": "notflask",
        "repo": "mizu",
        "rev": "d9f7e82fc92003414cd4a1ddf9a6ff64d953e2ad",
        "type": "github"
      },
      "original": {
        "owner": "notflask",
        "repo": "mizu",
        "type": "github"
      }
    },
    "nixpkgs": {
      "locked": {
        "lastModified": 1791456040,
        "narHash": "sha256-H83yz/do+hjOO0uujHyH8RgtIQP2v7Mw+cLwcZK/xKc=",
        "owner": "NixOS",
        "repo": "nixpkgs",
        "rev": "e7439b6b14ad3cc35d05608ebca9bce01a25f5f8",
        "type": "github"
      },
      "original": {
        "owner": "NixOS",
        "ref": "nixos-unstable",
        "repo": "nixpkgs",
        "type": "github"
      }
    },
    "root": {
      "inputs": {
        "gigabyte-control-center": "gigabyte-control-center",
        "mizu": "mizu",
        "nixpkgs": "nixpkgs",
        "spicetify-nix": "spicetify-nix"
      }
    },
    "spicetify-nix": {
      "inputs": {
        "nixpkgs": [
          "nixpkgs"
        ],
        "systems": "systems"
      },
      "locked": {
        "lastModified": 1791109926,
        "narHash": "sha256-N4ZWEoceF9U+np24Pzi8OjJwqjoe36zHUR31pEhUKng=",
        "owner": "Gerg-L",
        "repo": "spicetify-nix",
        "rev": "32d97b6b3c3401e5d0e474c82e764f8f9bf35b86",
        "type": "github"
      },
      "original": {
        "owner": "Gerg-L",
        "repo": "spicetify-nix",
        "type": "github"
      }
    },
    "systems": {
      "locked": {
        "lastModified": 1681028828,
        "narHash": "sha256-Vy1rq5AaRuLzOxct8nz4T6wlgyUR7zLU309k9mBC768=",
        "owner": "nix-systems",
        "repo": "default",
        "rev": "da67096a3b9bf56a91d16901293e51ba5b49a27e",
        "type": "github"
      },
      "original": {
        "owner": "nix-systems",
        "repo": "default",
        "type": "github"
      }
    }
  },
  "root": "root",
  "version": 7
}
